// !$*UTF8*$!
{
	archiveVersion = 1;
	classes = {
	};
	objectVersion = 50;
	objects = {

/* Begin PBXBuildFile section */
		53D0C42322CF9E2E00D42E5A /* AppDelegate.m in Sources */ = {isa = PBXBuildFile; fileRef = 53D0C42222CF9E2E00D42E5A /* AppDelegate.m */; };
		53D0C42922CF9E2E00D42E5A /* Main.storyboard in Resources */ = {isa = PBXBuildFile; fileRef = 53D0C42722CF9E2E00D42E5A /* Main.storyboard */; };
		53D0C42B22CF9E2E00D42E5A /* Assets.xcassets in Resources */ = {isa = PBXBuildFile; fileRef = 53D0C42A22CF9E2E00D42E5A /* Assets.xcassets */; };
		53D0C42E22CF9E2E00D42E5A /* LaunchScreen.storyboard in Resources */ = {isa = PBXBuildFile; fileRef = 53D0C42C22CF9E2E00D42E5A /* LaunchScreen.storyboard */; };
		53D0C43122CF9E2E00D42E5A /* main.m in Sources */ = {isa = PBXBuildFile; fileRef = 53D0C43022CF9E2E00D42E5A /* main.m */; };
		53D0C43E22CFA20C00D42E5A /* MKSMovie.m in Sources */ = {isa = PBXBuildFile; fileRef = 53D0C43D22CFA20C00D42E5A /* MKSMovie.m */; };
		53D0C44122CFA8C000D42E5A /* MKSMovieController.m in Sources */ = {isa = PBXBuildFile; fileRef = 53D0C44022CFA8C000D42E5A /* MKSMovieController.m */; };
		53D0C44422CFB2DE00D42E5A /* MovieListTableViewController.swift in Sources */ = {isa = PBXBuildFile; fileRef = 53D0C44322CFB2DE00D42E5A /* MovieListTableViewController.swift */; };
		53D0C44622CFB62A00D42E5A /* MovieTVCell.swift in Sources */ = {isa = PBXBuildFile; fileRef = 53D0C44522CFB62A00D42E5A /* MovieTVCell.swift */; };
		53D0C44822CFB85400D42E5A /* MovieDetailViewController.swift in Sources */ = {isa = PBXBuildFile; fileRef = 53D0C44722CFB85400D42E5A /* MovieDetailViewController.swift */; };
/* End PBXBuildFile section */

/* Begin PBXFileReference section */
		53D0C41E22CF9E2E00D42E5A /* Movie(ObjC).app */ = {isa = PBXFileReference; explicitFileType = wrapper.application; includeInIndex = 0; path = "Movie(ObjC).app"; sourceTree = BUILT_PRODUCTS_DIR; };
		53D0C42122CF9E2E00D42E5A /* AppDelegate.h */ = {isa = PBXFileReference; lastKnownFileType = sourcecode.c.h; path = AppDelegate.h; sourceTree = "<group>"; };
		53D0C42222CF9E2E00D42E5A /* AppDelegate.m */ = {isa = PBXFileReference; lastKnownFileType = sourcecode.c.objc; path = AppDelegate.m; sourceTree = "<group>"; };
		53D0C42822CF9E2E00D42E5A /* Base */ = {isa = PBXFileReference; lastKnownFileType = file.storyboard; name = Base; path = Base.lproj/Main.storyboard; sourceTree = "<group>"; };
		53D0C42A22CF9E2E00D42E5A /* Assets.xcassets */ = {isa = PBXFileReference; lastKnownFileType = folder.assetcatalog; path = Assets.xcassets; sourceTree = "<group>"; };
		53D0C42D22CF9E2E00D42E5A /* Base */ = {isa = PBXFileReference; lastKnownFileType = file.storyboard; name = Base; path = Base.lproj/LaunchScreen.storyboard; sourceTree = "<group>"; };
		53D0C42F22CF9E2E00D42E5A /* Info.plist */ = {isa = PBXFileReference; lastKnownFileType = text.plist.xml; path = Info.plist; sourceTree = "<group>"; };
		53D0C43022CF9E2E00D42E5A /* main.m */ = {isa = PBXFileReference; lastKnownFileType = sourcecode.c.objc; path = main.m; sourceTree = "<group>"; };
		53D0C43C22CFA20C00D42E5A /* MKSMovie.h */ = {isa = PBXFileReference; lastKnownFileType = sourcecode.c.h; path = MKSMovie.h; sourceTree = "<group>"; };
		53D0C43D22CFA20C00D42E5A /* MKSMovie.m */ = {isa = PBXFileReference; lastKnownFileType = sourcecode.c.objc; path = MKSMovie.m; sourceTree = "<group>"; };
		53D0C43F22CFA8C000D42E5A /* MKSMovieController.h */ = {isa = PBXFileReference; lastKnownFileType = sourcecode.c.h; path = MKSMovieController.h; sourceTree = "<group>"; };
		53D0C44022CFA8C000D42E5A /* MKSMovieController.m */ = {isa = PBXFileReference; lastKnownFileType = sourcecode.c.objc; path = MKSMovieController.m; sourceTree = "<group>"; };
		53D0C44222CFB2DE00D42E5A /* Movie(ObjC)-Bridging-Header.h */ = {isa = PBXFileReference; lastKnownFileType = sourcecode.c.h; path = "Movie(ObjC)-Bridging-Header.h"; sourceTree = "<group>"; };
		53D0C44322CFB2DE00D42E5A /* MovieListTableViewController.swift */ = {isa = PBXFileReference; lastKnownFileType = sourcecode.swift; path = MovieListTableViewController.swift; sourceTree = "<group>"; };
		53D0C44522CFB62A00D42E5A /* MovieTVCell.swift */ = {isa = PBXFileReference; lastKnownFileType = sourcecode.swift; path = MovieTVCell.swift; sourceTree = "<group>"; };
		53D0C44722CFB85400D42E5A /* MovieDetailViewController.swift */ = {isa = PBXFileReference; lastKnownFileType = sourcecode.swift; path = MovieDetailViewController.swift; sourceTree = "<group>"; };
/* End PBXFileReference section */

/* Begin PBXFrameworksBuildPhase section */
		53D0C41B22CF9E2E00D42E5A /* Frameworks */ = {
			isa = PBXFrameworksBuildPhase;
			buildActionMask = 2147483647;
			files = (
			);
			runOnlyForDeploymentPostprocessing = 0;
		};
/* End PBXFrameworksBuildPhase section */

/* Begin PBXGroup section */
		53D0C41522CF9E2E00D42E5A = {
			isa = PBXGroup;
			children = (
				53D0C42022CF9E2E00D42E5A /* Movie(ObjC) */,
				53D0C41F22CF9E2E00D42E5A /* Products */,
			);
			sourceTree = "<group>";
		};
		53D0C41F22CF9E2E00D42E5A /* Products */ = {
			isa = PBXGroup;
			children = (
				53D0C41E22CF9E2E00D42E5A /* Movie(ObjC).app */,
			);
			name = Products;
			sourceTree = "<group>";
		};
		53D0C42022CF9E2E00D42E5A /* Movie(ObjC) */ = {
			isa = PBXGroup;
			children = (
				53D0C43B22CF9E6B00D42E5A /* View */,
				53D0C43A22CF9E6400D42E5A /* Model */,
				53D0C43922CF9E5B00D42E5A /* Model Controllers */,
				53D0C43822CF9E5100D42E5A /* View Controllers */,
				53D0C43722CF9E3B00D42E5A /* Resources */,
			);
			path = "Movie(ObjC)";
			sourceTree = "<group>";
		};
		53D0C43722CF9E3B00D42E5A /* Resources */ = {
			isa = PBXGroup;
			children = (
				53D0C42122CF9E2E00D42E5A /* AppDelegate.h */,
				53D0C42222CF9E2E00D42E5A /* AppDelegate.m */,
				53D0C42A22CF9E2E00D42E5A /* Assets.xcassets */,
				53D0C42C22CF9E2E00D42E5A /* LaunchScreen.storyboard */,
				53D0C42F22CF9E2E00D42E5A /* Info.plist */,
				53D0C43022CF9E2E00D42E5A /* main.m */,
			);
			path = Resources;
			sourceTree = "<group>";
		};
		53D0C43822CF9E5100D42E5A /* View Controllers */ = {
			isa = PBXGroup;
			children = (
				53D0C44322CFB2DE00D42E5A /* MovieListTableViewController.swift */,
				53D0C44222CFB2DE00D42E5A /* Movie(ObjC)-Bridging-Header.h */,
				53D0C44522CFB62A00D42E5A /* MovieTVCell.swift */,
				53D0C44722CFB85400D42E5A /* MovieDetailViewController.swift */,
			);
			path = "View Controllers";
			sourceTree = "<group>";
		};
		53D0C43922CF9E5B00D42E5A /* Model Controllers */ = {
			isa = PBXGroup;
			children = (
				53D0C43F22CFA8C000D42E5A /* MKSMovieController.h */,
				53D0C44022CFA8C000D42E5A /* MKSMovieController.m */,
			);
			path = "Model Controllers";
			sourceTree = "<group>";
		};
		53D0C43A22CF9E6400D42E5A /* Model */ = {
			isa = PBXGroup;
			children = (
				53D0C43C22CFA20C00D42E5A /* MKSMovie.h */,
				53D0C43D22CFA20C00D42E5A /* MKSMovie.m */,
			);
			path = Model;
			sourceTree = "<group>";
		};
		53D0C43B22CF9E6B00D42E5A /* View */ = {
			isa = PBXGroup;
			children = (
				53D0C42722CF9E2E00D42E5A /* Main.storyboard */,
			);
			path = View;
			sourceTree = "<group>";
		};
/* End PBXGroup section */

/* Begin PBXNativeTarget section */
		53D0C41D22CF9E2E00D42E5A /* Movie(ObjC) */ = {
			isa = PBXNativeTarget;
			buildConfigurationList = 53D0C43422CF9E2E00D42E5A /* Build configuration list for PBXNativeTarget "Movie(ObjC)" */;
			buildPhases = (
				53D0C41A22CF9E2E00D42E5A /* Sources */,
				53D0C41B22CF9E2E00D42E5A /* Frameworks */,
				53D0C41C22CF9E2E00D42E5A /* Resources */,
			);
			buildRules = (
			);
			dependencies = (
			);
			name = "Movie(ObjC)";
			productName = "Movie(ObjC)";
			productReference = 53D0C41E22CF9E2E00D42E5A /* Movie(ObjC).app */;
			productType = "com.apple.product-type.application";
		};
/* End PBXNativeTarget section */

/* Begin PBXProject section */
		53D0C41622CF9E2E00D42E5A /* Project object */ = {
			isa = PBXProject;
			attributes = {
				CLASSPREFIX = MKS;
				LastUpgradeCheck = 1020;
				ORGANIZATIONNAME = "Madi S";
				TargetAttributes = {
					53D0C41D22CF9E2E00D42E5A = {
						CreatedOnToolsVersion = 10.2.1;
						LastSwiftMigration = 1020;
					};
				};
			};
			buildConfigurationList = 53D0C41922CF9E2E00D42E5A /* Build configuration list for PBXProject "Movie(ObjC)" */;
			compatibilityVersion = "Xcode 9.3";
			developmentRegion = en;
			hasScannedForEncodings = 0;
			knownRegions = (
				en,
				Base,
			);
			mainGroup = 53D0C41522CF9E2E00D42E5A;
			productRefGroup = 53D0C41F22CF9E2E00D42E5A /* Products */;
			projectDirPath = "";
			projectRoot = "";
			targets = (
				53D0C41D22CF9E2E00D42E5A /* Movie(ObjC) */,
			);
		};
/* End PBXProject section */

/* Begin PBXResourcesBuildPhase section */
		53D0C41C22CF9E2E00D42E5A /* Resources */ = {
			isa = PBXResourcesBuildPhase;
			buildActionMask = 2147483647;
			files = (
				53D0C42E22CF9E2E00D42E5A /* LaunchScreen.storyboard in Resources */,
				53D0C42B22CF9E2E00D42E5A /* Assets.xcassets in Resources */,
				53D0C42922CF9E2E00D42E5A /* Main.storyboard in Resources */,
			);
			runOnlyForDeploymentPostprocessing = 0;
		};
/* End PBXResourcesBuildPhase section */

/* Begin PBXSourcesBuildPhase section */
		53D0C41A22CF9E2E00D42E5A /* Sources */ = {
			isa = PBXSourcesBuildPhase;
			buildActionMask = 2147483647;
			files = (
				53D0C43122CF9E2E00D42E5A /* main.m in Sources */,
				53D0C43E22CFA20C00D42E5A /* MKSMovie.m in Sources */,
				53D0C44622CFB62A00D42E5A /* MovieTVCell.swift in Sources */,
				53D0C44122CFA8C000D42E5A /* MKSMovieController.m in Sources */,
				53D0C44822CFB85400D42E5A /* MovieDetailViewController.swift in Sources */,
				53D0C42322CF9E2E00D42E5A /* AppDelegate.m in Sources */,
				53D0C44422CFB2DE00D42E5A /* MovieListTableViewController.swift in Sources */,
			);
			runOnlyForDeploymentPostprocessing = 0;
		};
/* End PBXSourcesBuildPhase section */

/* Begin PBXVariantGroup section */
		53D0C42722CF9E2E00D42E5A /* Main.storyboard */ = {
			isa = PBXVariantGroup;
			children = (
				53D0C42822CF9E2E00D42E5A /* Base */,
			);
			name = Main.storyboard;
			sourceTree = "<group>";
		};
		53D0C42C22CF9E2E00D42E5A /* LaunchScreen.storyboard */ = {
			isa = PBXVariantGroup;
			children = (
				53D0C42D22CF9E2E00D42E5A /* Base */,
			);
			name = LaunchScreen.storyboard;
			sourceTree = "<group>";
		};
/* End PBXVariantGroup section */

/* Begin XCBuildConfiguration section */
		53D0C43222CF9E2E00D42E5A /* Debug */ = {
			isa = XCBuildConfiguration;
			buildSettings = {
				ALWAYS_SEARCH_USER_PATHS = NO;
				CLANG_ANALYZER_NONNULL = YES;
				CLANG_ANALYZER_NUMBER_OBJECT_CONVERSION = YES_AGGRESSIVE;
				CLANG_CXX_LANGUAGE_STANDARD = "gnu++14";
				CLANG_CXX_LIBRARY = "libc++";
				CLANG_ENABLE_MODULES = YES;
				CLANG_ENABLE_OBJC_ARC = YES;
				CLANG_ENABLE_OBJC_WEAK = YES;
				CLANG_WARN_BLOCK_CAPTURE_AUTORELEASING = YES;
				CLANG_WARN_BOOL_CONVERSION = YES;
				CLANG_WARN_COMMA = YES;
				CLANG_WARN_CONSTANT_CONVERSION = YES;
				CLANG_WARN_DEPRECATED_OBJC_IMPLEMENTATIONS = YES;
				CLANG_WARN_DIRECT_OBJC_ISA_USAGE = YES_ERROR;
				CLANG_WARN_DOCUMENTATION_COMMENTS = YES;
				CLANG_WARN_EMPTY_BODY = YES;
				CLANG_WARN_ENUM_CONVERSION = YES;
				CLANG_WARN_INFINITE_RECURSION = YES;
				CLANG_WARN_INT_CONVERSION = YES;
				CLANG_WARN_NON_LITERAL_NULL_CONVERSION = YES;
				CLANG_WARN_OBJC_IMPLICIT_RETAIN_SELF = YES;
				CLANG_WARN_OBJC_LITERAL_CONVERSION = YES;
				CLANG_WARN_OBJC_ROOT_CLASS = YES_ERROR;
				CLANG_WARN_RANGE_LOOP_ANALYSIS = YES;
				CLANG_WARN_STRICT_PROTOTYPES = YES;
				CLANG_WARN_SUSPICIOUS_MOVE = YES;
				CLANG_WARN_UNGUARDED_AVAILABILITY = YES_AGGRESSIVE;
				CLANG_WARN_UNREACHABLE_CODE = YES;
				CLANG_WARN__DUPLICATE_METHOD_MATCH = YES;
				CODE_SIGN_IDENTITY = "iPhone Developer";
				COPY_PHASE_STRIP = NO;
				DEBUG_INFORMATION_FORMAT = dwarf;
				ENABLE_STRICT_OBJC_MSGSEND = YES;
				ENABLE_TESTABILITY = YES;
				GCC_C_LANGUAGE_STANDARD = gnu11;
				GCC_DYNAMIC_NO_PIC = NO;
				GCC_NO_COMMON_BLOCKS = YES;
				GCC_OPTIMIZATION_LEVEL = 0;
				GCC_PREPROCESSOR_DEFINITIONS = (
					"DEBUG=1",
					"$(inherited)",
				);
				GCC_WARN_64_TO_32_BIT_CONVERSION = YES;
				GCC_WARN_ABOUT_RETURN_TYPE = YES_ERROR;
				GCC_WARN_UNDECLARED_SELECTOR = YES;
				GCC_WARN_UNINITIALIZED_AUTOS = YES_AGGRESSIVE;
				GCC_WARN_UNUSED_FUNCTION = YES;
				GCC_WARN_UNUSED_VARIABLE = YES;
				IPHONEOS_DEPLOYMENT_TARGET = 12.2;
				MTL_ENABLE_DEBUG_INFO = INCLUDE_SOURCE;
				MTL_FAST_MATH = YES;
				ONLY_ACTIVE_ARCH = YES;
				SDKROOT = iphoneos;
			};
			name = Debug;
		};
		53D0C43322CF9E2E00D42E5A /* Release */ = {
			isa = XCBuildConfiguration;
			buildSettings = {
				ALWAYS_SEARCH_USER_PATHS = NO;
				CLANG_ANALYZER_NONNULL = YES;
				CLANG_ANALYZER_NUMBER_OBJECT_CONVERSION = YES_AGGRESSIVE;
				CLANG_CXX_LANGUAGE_STANDARD = "gnu++14";
				CLANG_CXX_LIBRARY = "libc++";
				CLANG_ENABLE_MODULES = YES;
				CLANG_ENABLE_OBJC_ARC = YES;
				CLANG_ENABLE_OBJC_WEAK = YES;
				CLANG_WARN_BLOCK_CAPTURE_AUTORELEASING = YES;
				CLANG_WARN_BOOL_CONVERSION = YES;
				CLANG_WARN_COMMA = YES;
				CLANG_WARN_CONSTANT_CONVERSION = YES;
				CLANG_WARN_DEPRECATED_OBJC_IMPLEMENTATIONS = YES;
				CLANG_WARN_DIRECT_OBJC_ISA_USAGE = YES_ERROR;
				CLANG_WARN_DOCUMENTATION_COMMENTS = YES;
				CLANG_WARN_EMPTY_BODY = YES;
				CLANG_WARN_ENUM_CONVERSION = YES;
				CLANG_WARN_INFINITE_RECURSION = YES;
				CLANG_WARN_INT_CONVERSION = YES;
				CLANG_WARN_NON_LITERAL_NULL_CONVERSION = YES;
				CLANG_WARN_OBJC_IMPLICIT_RETAIN_SELF = YES;
				CLANG_WARN_OBJC_LITERAL_CONVERSION = YES;
				CLANG_WARN_OBJC_ROOT_CLASS = YES_ERROR;
				CLANG_WARN_RANGE_LOOP_ANALYSIS = YES;
				CLANG_WARN_STRICT_PROTOTYPES = YES;
				CLANG_WARN_SUSPICIOUS_MOVE = YES;
				CLANG_WARN_UNGUARDED_AVAILABILITY = YES_AGGRESSIVE;
				CLANG_WARN_UNREACHABLE_CODE = YES;
				CLANG_WARN__DUPLICATE_METHOD_MATCH = YES;
				CODE_SIGN_IDENTITY = "iPhone Developer";
				COPY_PHASE_STRIP = NO;
				DEBUG_INFORMATION_FORMAT = "dwarf-with-dsym";
				ENABLE_NS_ASSERTIONS = NO;
				ENABLE_STRICT_OBJC_MSGSEND = YES;
				GCC_C_LANGUAGE_STANDARD = gnu11;
				GCC_NO_COMMON_BLOCKS = YES;
				GCC_WARN_64_TO_32_BIT_CONVERSION = YES;
				GCC_WARN_ABOUT_RETURN_TYPE = YES_ERROR;
				GCC_WARN_UNDECLARED_SELECTOR = YES;
				GCC_WARN_UNINITIALIZED_AUTOS = YES_AGGRESSIVE;
				GCC_WARN_UNUSED_FUNCTION = YES;
				GCC_WARN_UNUSED_VARIABLE = YES;
				IPHONEOS_DEPLOYMENT_TARGET = 12.2;
				MTL_ENABLE_DEBUG_INFO = NO;
				MTL_FAST_MATH = YES;
				SDKROOT = iphoneos;
				VALIDATE_PRODUCT = YES;
			};
			name = Release;
		};
		53D0C43522CF9E2E00D42E5A /* Debug */ = {
			isa = XCBuildConfiguration;
			buildSettings = {
				ASSETCATALOG_COMPILER_APPICON_NAME = AppIcon;
				CLANG_ENABLE_MODULES = YES;
				CODE_SIGN_STYLE = Automatic;
				DEVELOPMENT_TEAM = 8MJ3MC3A9A;
				INFOPLIST_FILE = "$(SRCROOT)/Movie(ObjC)/Resources/Info.plist";
				LD_RUNPATH_SEARCH_PATHS = (
					"$(inherited)",
					"@executable_path/Frameworks",
				);
				PRODUCT_BUNDLE_IDENTIFIER = "Madi-S.Movie-ObjC-";
				PRODUCT_NAME = "$(TARGET_NAME)";
				SWIFT_OBJC_BRIDGING_HEADER = "Movie(ObjC)/View Controllers/Movie(ObjC)-Bridging-Header.h";
				SWIFT_OPTIMIZATION_LEVEL = "-Onone";
				SWIFT_VERSION = 5.0;
				TARGETED_DEVICE_FAMILY = "1,2";
			};
			name = Debug;
		};
		53D0C43622CF9E2E00D42E5A /* Release */ = {
			isa = XCBuildConfiguration;
			buildSettings = {
				ASSETCATALOG_COMPILER_APPICON_NAME = AppIcon;
				CLANG_ENABLE_MODULES = YES;
				CODE_SIGN_STYLE = Automatic;
				DEVELOPMENT_TEAM = 8MJ3MC3A9A;
				INFOPLIST_FILE = "$(SRCROOT)/Movie(ObjC)/Resources/Info.plist";
				LD_RUNPATH_SEARCH_PATHS = (
					"$(inherited)",
					"@executable_path/Frameworks",
				);
				PRODUCT_BUNDLE_IDENTIFIER = "Madi-S.Movie-ObjC-";
				PRODUCT_NAME = "$(TARGET_NAME)";
				SWIFT_OBJC_BRIDGING_HEADER = "Movie(ObjC)/View Controllers/Movie(ObjC)-Bridging-Header.h";
				SWIFT_VERSION = 5.0;
				TARGETED_DEVICE_FAMILY = "1,2";
			};
			name = Release;
		};
/* End XCBuildConfiguration section */

/* Begin XCConfigurationList section */
		53D0C41922CF9E2E00D42E5A /* Build configuration list for PBXProject "Movie(ObjC)" */ = {
			isa = XCConfigurationList;
			buildConfigurations = (
				53D0C43222CF9E2E00D42E5A /* Debug */,
				53D0C43322CF9E2E00D42E5A /* Release */,
			);
			defaultConfigurationIsVisible = 0;
			defaultConfigurationName = Release;
		};
		53D0C43422CF9E2E00D42E5A /* Build configuration list for PBXNativeTarget "Movie(ObjC)" */ = {
			isa = XCConfigurationList;
			buildConfigurations = (
				53D0C43522CF9E2E00D42E5A /* Debug */,
				53D0C43622CF9E2E00D42E5A /* Release */,
			);
			defaultConfigurationIsVisible = 0;
			defaultConfigurationName = Release;
		};
/* End XCConfigurationList section */
	};
	rootObject = 53D0C41622CF9E2E00D42E5A /* Project object */;
}
